
Microsoft Visual Studio Solution File, Format Version 12.00
# Visual Studio Version 17
VisualStudioVersion = 17.12.35514.174
MinimumVisualStudioVersion = 10.0.40219.1
Project("{FAE04EC0-301F-11D3-BF4B-00C04F79EFBC}") = "StringLibrary", "StringLibrary\StringLibrary.csproj", "{05E95DFF-A199-4CB2-A88F-CA213EE84392}"
EndProject
Project("{FAE04EC0-301F-11D3-BF4B-00C04F79EFBC}") = "ShowCase", "ShowCase\ShowCase.csproj", "{B21C4D9A-8A66-44EF-B160-F092B2CD77D5}"
EndProject
Global
	GlobalSection(SolutionConfigurationPlatforms) = preSolution
		Debug|Any CPU = Debug|Any CPU
		Release|Any CPU = Release|Any CPU
	EndGlobalSection
	GlobalSection(ProjectConfigurationPlatforms) = postSolution
		{05E95DFF-A199-4CB2-A88F-CA213EE84392}.Debug|Any CPU.ActiveCfg = Debug|Any CPU
		{05E95DFF-A199-4CB2-A88F-CA213EE84392}.Debug|Any CPU.Build.0 = Debug|Any CPU
		{05E95DFF-A199-4CB2-A88F-CA213EE84392}.Release|Any CPU.ActiveCfg = Release|Any CPU
		{05E95DFF-A199-4CB2-A88F-CA213EE84392}.Release|Any CPU.Build.0 = Release|Any CPU
		{B21C4D9A-8A66-44EF-B160-F092B2CD77D5}.Debug|Any CPU.ActiveCfg = Debug|Any CPU
		{B21C4D9A-8A66-44EF-B160-F092B2CD77D5}.Debug|Any CPU.Build.0 = Debug|Any CPU
		{B21C4D9A-8A66-44EF-B160-F092B2CD77D5}.Release|Any CPU.ActiveCfg = Release|Any CPU
		{B21C4D9A-8A66-44EF-B160-F092B2CD77D5}.Release|Any CPU.Build.0 = Release|Any CPU
	EndGlobalSection
	GlobalSection(SolutionProperties) = preSolution
		HideSolutionNode = FALSE
	EndGlobalSection
EndGlobal
